// !$*UTF8*$!
{
	archiveVersion = 1;
	classes = {
	};
	objectVersion = 55;
	objects = {

/* Begin PBXBuildFile section */
		DFF599CB2838E7ED00C37FFD /* AppDelegate.swift in Sources */ = {isa = PBXBuildFile; fileRef = DFF599CA2838E7ED00C37FFD /* AppDelegate.swift */; };
		DFF599CD2838E7ED00C37FFD /* SceneDelegate.swift in Sources */ = {isa = PBXBuildFile; fileRef = DFF599CC2838E7ED00C37FFD /* SceneDelegate.swift */; };
		DFF599CF2838E7ED00C37FFD /* RunViewController.swift in Sources */ = {isa = PBXBuildFile; fileRef = DFF599CE2838E7ED00C37FFD /* RunViewController.swift */; };
		DFF599D22838E7ED00C37FFD /* Main.storyboard in Resources */ = {isa = PBXBuildFile; fileRef = DFF599D02838E7ED00C37FFD /* Main.storyboard */; };
		DFF599D42838E7EF00C37FFD /* Assets.xcassets in Resources */ = {isa = PBXBuildFile; fileRef = DFF599D32838E7EF00C37FFD /* Assets.xcassets */; };
		DFF599D72838E7EF00C37FFD /* LaunchScreen.storyboard in Resources */ = {isa = PBXBuildFile; fileRef = DFF599D52838E7EF00C37FFD /* LaunchScreen.storyboard */; };
		DFF599E2283B9AA200C37FFD /* RoundButton.swift in Sources */ = {isa = PBXBuildFile; fileRef = DFF599E1283B9AA200C37FFD /* RoundButton.swift */; };
		DFF599E4283BA09F00C37FFD /* PropertyKeys.swift in Sources */ = {isa = PBXBuildFile; fileRef = DFF599E3283BA09F00C37FFD /* PropertyKeys.swift */; };
		DFF599E7283CDB2900C37FFD /* LocationService.swift in Sources */ = {isa = PBXBuildFile; fileRef = DFF599E6283CDB2900C37FFD /* LocationService.swift */; };
		DFF599E9283CE04400C37FFD /* WorkoutsModel.swift in Sources */ = {isa = PBXBuildFile; fileRef = DFF599E8283CE04400C37FFD /* WorkoutsModel.swift */; };
		DFF599EB283CE19400C37FFD /* ShareViewController.swift in Sources */ = {isa = PBXBuildFile; fileRef = DFF599EA283CE19400C37FFD /* ShareViewController.swift */; };
		DFF599ED283CE1B200C37FFD /* RunsListTableViewController.swift in Sources */ = {isa = PBXBuildFile; fileRef = DFF599EC283CE1B200C37FFD /* RunsListTableViewController.swift */; };
/* End PBXBuildFile section */

/* Begin PBXFileReference section */
		DFF599C72838E7ED00C37FFD /* Run4Health.app */ = {isa = PBXFileReference; explicitFileType = wrapper.application; includeInIndex = 0; path = Run4Health.app; sourceTree = BUILT_PRODUCTS_DIR; };
		DFF599CA2838E7ED00C37FFD /* AppDelegate.swift */ = {isa = PBXFileReference; lastKnownFileType = sourcecode.swift; path = AppDelegate.swift; sourceTree = "<group>"; };
		DFF599CC2838E7ED00C37FFD /* SceneDelegate.swift */ = {isa = PBXFileReference; lastKnownFileType = sourcecode.swift; path = SceneDelegate.swift; sourceTree = "<group>"; };
		DFF599CE2838E7ED00C37FFD /* RunViewController.swift */ = {isa = PBXFileReference; lastKnownFileType = sourcecode.swift; path = RunViewController.swift; sourceTree = "<group>"; };
		DFF599D12838E7ED00C37FFD /* Base */ = {isa = PBXFileReference; lastKnownFileType = file.storyboard; name = Base; path = Base.lproj/Main.storyboard; sourceTree = "<group>"; };
		DFF599D32838E7EF00C37FFD /* Assets.xcassets */ = {isa = PBXFileReference; lastKnownFileType = folder.assetcatalog; path = Assets.xcassets; sourceTree = "<group>"; };
		DFF599D62838E7EF00C37FFD /* Base */ = {isa = PBXFileReference; lastKnownFileType = file.storyboard; name = Base; path = Base.lproj/LaunchScreen.storyboard; sourceTree = "<group>"; };
		DFF599D82838E7EF00C37FFD /* Info.plist */ = {isa = PBXFileReference; lastKnownFileType = text.plist.xml; path = Info.plist; sourceTree = "<group>"; };
		DFF599E1283B9AA200C37FFD /* RoundButton.swift */ = {isa = PBXFileReference; lastKnownFileType = sourcecode.swift; path = RoundButton.swift; sourceTree = "<group>"; };
		DFF599E3283BA09F00C37FFD /* PropertyKeys.swift */ = {isa = PBXFileReference; lastKnownFileType = sourcecode.swift; path = PropertyKeys.swift; sourceTree = "<group>"; };
		DFF599E6283CDB2900C37FFD /* LocationService.swift */ = {isa = PBXFileReference; lastKnownFileType = sourcecode.swift; path = LocationService.swift; sourceTree = "<group>"; };
		DFF599E8283CE04400C37FFD /* WorkoutsModel.swift */ = {isa = PBXFileReference; lastKnownFileType = sourcecode.swift; path = WorkoutsModel.swift; sourceTree = "<group>"; };
		DFF599EA283CE19400C37FFD /* ShareViewController.swift */ = {isa = PBXFileReference; lastKnownFileType = sourcecode.swift; path = ShareViewController.swift; sourceTree = "<group>"; };
		DFF599EC283CE1B200C37FFD /* RunsListTableViewController.swift */ = {isa = PBXFileReference; lastKnownFileType = sourcecode.swift; path = RunsListTableViewController.swift; sourceTree = "<group>"; };
/* End PBXFileReference section */

/* Begin PBXFrameworksBuildPhase section */
		DFF599C42838E7ED00C37FFD /* Frameworks */ = {
			isa = PBXFrameworksBuildPhase;
			buildActionMask = 2147483647;
			files = (
			);
			runOnlyForDeploymentPostprocessing = 0;
		};
/* End PBXFrameworksBuildPhase section */

/* Begin PBXGroup section */
		DFF599BE2838E7ED00C37FFD = {
			isa = PBXGroup;
			children = (
				DFF599C92838E7ED00C37FFD /* Run4Health */,
				DFF599C82838E7ED00C37FFD /* Products */,
			);
			sourceTree = "<group>";
		};
		DFF599C82838E7ED00C37FFD /* Products */ = {
			isa = PBXGroup;
			children = (
				DFF599C72838E7ED00C37FFD /* Run4Health.app */,
			);
			name = Products;
			sourceTree = "<group>";
		};
		DFF599C92838E7ED00C37FFD /* Run4Health */ = {
			isa = PBXGroup;
			children = (
				DFF599CA2838E7ED00C37FFD /* AppDelegate.swift */,
				DFF599CC2838E7ED00C37FFD /* SceneDelegate.swift */,
				DFF599E5283CDAF800C37FFD /* Services */,
				DFF599DF2838E8B400C37FFD /* Models */,
				DFF599E02838E8C400C37FFD /* Views */,
				DFF599DE2838E8A900C37FFD /* Controllers */,
				DFF599D02838E7ED00C37FFD /* Main.storyboard */,
				DFF599D32838E7EF00C37FFD /* Assets.xcassets */,
				DFF599D52838E7EF00C37FFD /* LaunchScreen.storyboard */,
				DFF599D82838E7EF00C37FFD /* Info.plist */,
				DFF599E3283BA09F00C37FFD /* PropertyKeys.swift */,
			);
			path = Run4Health;
			sourceTree = "<group>";
		};
		DFF599DE2838E8A900C37FFD /* Controllers */ = {
			isa = PBXGroup;
			children = (
				DFF599CE2838E7ED00C37FFD /* RunViewController.swift */,
				DFF599EA283CE19400C37FFD /* ShareViewController.swift */,
				DFF599EC283CE1B200C37FFD /* RunsListTableViewController.swift */,
			);
			path = Controllers;
			sourceTree = "<group>";
		};
		DFF599DF2838E8B400C37FFD /* Models */ = {
			isa = PBXGroup;
			children = (
				DFF599E8283CE04400C37FFD /* WorkoutsModel.swift */,
			);
			path = Models;
			sourceTree = "<group>";
		};
		DFF599E02838E8C400C37FFD /* Views */ = {
			isa = PBXGroup;
			children = (
				DFF599E1283B9AA200C37FFD /* RoundButton.swift */,
			);
			path = Views;
			sourceTree = "<group>";
		};
		DFF599E5283CDAF800C37FFD /* Services */ = {
			isa = PBXGroup;
			children = (
				DFF599E6283CDB2900C37FFD /* LocationService.swift */,
			);
			path = Services;
			sourceTree = "<group>";
		};
/* End PBXGroup section */

/* Begin PBXNativeTarget section */
		DFF599C62838E7ED00C37FFD /* Run4Health */ = {
			isa = PBXNativeTarget;
			buildConfigurationList = DFF599DB2838E7EF00C37FFD /* Build configuration list for PBXNativeTarget "Run4Health" */;
			buildPhases = (
				DFF599C32838E7ED00C37FFD /* Sources */,
				DFF599C42838E7ED00C37FFD /* Frameworks */,
				DFF599C52838E7ED00C37FFD /* Resources */,
			);
			buildRules = (
			);
			dependencies = (
			);
			name = Run4Health;
			productName = Run4Health;
			productReference = DFF599C72838E7ED00C37FFD /* Run4Health.app */;
			productType = "com.apple.product-type.application";
		};
/* End PBXNativeTarget section */

/* Begin PBXProject section */
		DFF599BF2838E7ED00C37FFD /* Project object */ = {
			isa = PBXProject;
			attributes = {
				BuildIndependentTargetsInParallel = 1;
				LastSwiftUpdateCheck = 1340;
				LastUpgradeCheck = 1340;
				TargetAttributes = {
					DFF599C62838E7ED00C37FFD = {
						CreatedOnToolsVersion = 13.4;
					};
				};
			};
			buildConfigurationList = DFF599C22838E7ED00C37FFD /* Build configuration list for PBXProject "Run4Health" */;
			compatibilityVersion = "Xcode 13.0";
			developmentRegion = en;
			hasScannedForEncodings = 0;
			knownRegions = (
				en,
				Base,
			);
			mainGroup = DFF599BE2838E7ED00C37FFD;
			productRefGroup = DFF599C82838E7ED00C37FFD /* Products */;
			projectDirPath = "";
			projectRoot = "";
			targets = (
				DFF599C62838E7ED00C37FFD /* Run4Health */,
			);
		};
/* End PBXProject section */

/* Begin PBXResourcesBuildPhase section */
		DFF599C52838E7ED00C37FFD /* Resources */ = {
			isa = PBXResourcesBuildPhase;
			buildActionMask = 2147483647;
			files = (
				DFF599D72838E7EF00C37FFD /* LaunchScreen.storyboard in Resources */,
				DFF599D42838E7EF00C37FFD /* Assets.xcassets in Resources */,
				DFF599D22838E7ED00C37FFD /* Main.storyboard in Resources */,
			);
			runOnlyForDeploymentPostprocessing = 0;
		};
/* End PBXResourcesBuildPhase section */

/* Begin PBXSourcesBuildPhase section */
		DFF599C32838E7ED00C37FFD /* Sources */ = {
			isa = PBXSourcesBuildPhase;
			buildActionMask = 2147483647;
			files = (
				DFF599E2283B9AA200C37FFD /* RoundButton.swift in Sources */,
				DFF599CF2838E7ED00C37FFD /* RunViewController.swift in Sources */,
				DFF599E4283BA09F00C37FFD /* PropertyKeys.swift in Sources */,
				DFF599CB2838E7ED00C37FFD /* AppDelegate.swift in Sources */,
				DFF599E9283CE04400C37FFD /* WorkoutsModel.swift in Sources */,
				DFF599E7283CDB2900C37FFD /* LocationService.swift in Sources */,
				DFF599EB283CE19400C37FFD /* ShareViewController.swift in Sources */,
				DFF599ED283CE1B200C37FFD /* RunsListTableViewController.swift in Sources */,
				DFF599CD2838E7ED00C37FFD /* SceneDelegate.swift in Sources */,
			);
			runOnlyForDeploymentPostprocessing = 0;
		};
/* End PBXSourcesBuildPhase section */

/* Begin PBXVariantGroup section */
		DFF599D02838E7ED00C37FFD /* Main.storyboard */ = {
			isa = PBXVariantGroup;
			children = (
				DFF599D12838E7ED00C37FFD /* Base */,
			);
			name = Main.storyboard;
			sourceTree = "<group>";
		};
		DFF599D52838E7EF00C37FFD /* LaunchScreen.storyboard */ = {
			isa = PBXVariantGroup;
			children = (
				DFF599D62838E7EF00C37FFD /* Base */,
			);
			name = LaunchScreen.storyboard;
			sourceTree = "<group>";
		};
/* End PBXVariantGroup section */

/* Begin XCBuildConfiguration section */
		DFF599D92838E7EF00C37FFD /* Debug */ = {
			isa = XCBuildConfiguration;
			buildSettings = {
				ALWAYS_SEARCH_USER_PATHS = NO;
				CLANG_ANALYZER_NONNULL = YES;
				CLANG_ANALYZER_NUMBER_OBJECT_CONVERSION = YES_AGGRESSIVE;
				CLANG_CXX_LANGUAGE_STANDARD = "gnu++17";
				CLANG_ENABLE_MODULES = YES;
				CLANG_ENABLE_OBJC_ARC = YES;
				CLANG_ENABLE_OBJC_WEAK = YES;
				CLANG_WARN_BLOCK_CAPTURE_AUTORELEASING = YES;
				CLANG_WARN_BOOL_CONVERSION = YES;
				CLANG_WARN_COMMA = YES;
				CLANG_WARN_CONSTANT_CONVERSION = YES;
				CLANG_WARN_DEPRECATED_OBJC_IMPLEMENTATIONS = YES;
				CLANG_WARN_DIRECT_OBJC_ISA_USAGE = YES_ERROR;
				CLANG_WARN_DOCUMENTATION_COMMENTS = YES;
				CLANG_WARN_EMPTY_BODY = YES;
				CLANG_WARN_ENUM_CONVERSION = YES;
				CLANG_WARN_INFINITE_RECURSION = YES;
				CLANG_WARN_INT_CONVERSION = YES;
				CLANG_WARN_NON_LITERAL_NULL_CONVERSION = YES;
				CLANG_WARN_OBJC_IMPLICIT_RETAIN_SELF = YES;
				CLANG_WARN_OBJC_LITERAL_CONVERSION = YES;
				CLANG_WARN_OBJC_ROOT_CLASS = YES_ERROR;
				CLANG_WARN_QUOTED_INCLUDE_IN_FRAMEWORK_HEADER = YES;
				CLANG_WARN_RANGE_LOOP_ANALYSIS = YES;
				CLANG_WARN_STRICT_PROTOTYPES = YES;
				CLANG_WARN_SUSPICIOUS_MOVE = YES;
				CLANG_WARN_UNGUARDED_AVAILABILITY = YES_AGGRESSIVE;
				CLANG_WARN_UNREACHABLE_CODE = YES;
				CLANG_WARN__DUPLICATE_METHOD_MATCH = YES;
				COPY_PHASE_STRIP = NO;
				DEBUG_INFORMATION_FORMAT = dwarf;
				ENABLE_STRICT_OBJC_MSGSEND = YES;
				ENABLE_TESTABILITY = YES;
				GCC_C_LANGUAGE_STANDARD = gnu11;
				GCC_DYNAMIC_NO_PIC = NO;
				GCC_NO_COMMON_BLOCKS = YES;
				GCC_OPTIMIZATION_LEVEL = 0;
				GCC_PREPROCESSOR_DEFINITIONS = (
					"DEBUG=1",
					"$(inherited)",
				);
				GCC_WARN_64_TO_32_BIT_CONVERSION = YES;
				GCC_WARN_ABOUT_RETURN_TYPE = YES_ERROR;
				GCC_WARN_UNDECLARED_SELECTOR = YES;
				GCC_WARN_UNINITIALIZED_AUTOS = YES_AGGRESSIVE;
				GCC_WARN_UNUSED_FUNCTION = YES;
				GCC_WARN_UNUSED_VARIABLE = YES;
				IPHONEOS_DEPLOYMENT_TARGET = 15.5;
				MTL_ENABLE_DEBUG_INFO = INCLUDE_SOURCE;
				MTL_FAST_MATH = YES;
				ONLY_ACTIVE_ARCH = YES;
				SDKROOT = iphoneos;
				SWIFT_ACTIVE_COMPILATION_CONDITIONS = DEBUG;
				SWIFT_OPTIMIZATION_LEVEL = "-Onone";
			};
			name = Debug;
		};
		DFF599DA2838E7EF00C37FFD /* Release */ = {
			isa = XCBuildConfiguration;
			buildSettings = {
				ALWAYS_SEARCH_USER_PATHS = NO;
				CLANG_ANALYZER_NONNULL = YES;
				CLANG_ANALYZER_NUMBER_OBJECT_CONVERSION = YES_AGGRESSIVE;
				CLANG_CXX_LANGUAGE_STANDARD = "gnu++17";
				CLANG_ENABLE_MODULES = YES;
				CLANG_ENABLE_OBJC_ARC = YES;
				CLANG_ENABLE_OBJC_WEAK = YES;
				CLANG_WARN_BLOCK_CAPTURE_AUTORELEASING = YES;
				CLANG_WARN_BOOL_CONVERSION = YES;
				CLANG_WARN_COMMA = YES;
				CLANG_WARN_CONSTANT_CONVERSION = YES;
				CLANG_WARN_DEPRECATED_OBJC_IMPLEMENTATIONS = YES;
				CLANG_WARN_DIRECT_OBJC_ISA_USAGE = YES_ERROR;
				CLANG_WARN_DOCUMENTATION_COMMENTS = YES;
				CLANG_WARN_EMPTY_BODY = YES;
				CLANG_WARN_ENUM_CONVERSION = YES;
				CLANG_WARN_INFINITE_RECURSION = YES;
				CLANG_WARN_INT_CONVERSION = YES;
				CLANG_WARN_NON_LITERAL_NULL_CONVERSION = YES;
				CLANG_WARN_OBJC_IMPLICIT_RETAIN_SELF = YES;
				CLANG_WARN_OBJC_LITERAL_CONVERSION = YES;
				CLANG_WARN_OBJC_ROOT_CLASS = YES_ERROR;
				CLANG_WARN_QUOTED_INCLUDE_IN_FRAMEWORK_HEADER = YES;
				CLANG_WARN_RANGE_LOOP_ANALYSIS = YES;
				CLANG_WARN_STRICT_PROTOTYPES = YES;
				CLANG_WARN_SUSPICIOUS_MOVE = YES;
				CLANG_WARN_UNGUARDED_AVAILABILITY = YES_AGGRESSIVE;
				CLANG_WARN_UNREACHABLE_CODE = YES;
				CLANG_WARN__DUPLICATE_METHOD_MATCH = YES;
				COPY_PHASE_STRIP = NO;
				DEBUG_INFORMATION_FORMAT = "dwarf-with-dsym";
				ENABLE_NS_ASSERTIONS = NO;
				ENABLE_STRICT_OBJC_MSGSEND = YES;
				GCC_C_LANGUAGE_STANDARD = gnu11;
				GCC_NO_COMMON_BLOCKS = YES;
				GCC_WARN_64_TO_32_BIT_CONVERSION = YES;
				GCC_WARN_ABOUT_RETURN_TYPE = YES_ERROR;
				GCC_WARN_UNDECLARED_SELECTOR = YES;
				GCC_WARN_UNINITIALIZED_AUTOS = YES_AGGRESSIVE;
				GCC_WARN_UNUSED_FUNCTION = YES;
				GCC_WARN_UNUSED_VARIABLE = YES;
				IPHONEOS_DEPLOYMENT_TARGET = 15.5;
				MTL_ENABLE_DEBUG_INFO = NO;
				MTL_FAST_MATH = YES;
				SDKROOT = iphoneos;
				SWIFT_COMPILATION_MODE = wholemodule;
				SWIFT_OPTIMIZATION_LEVEL = "-O";
				VALIDATE_PRODUCT = YES;
			};
			name = Release;
		};
		DFF599DC2838E7EF00C37FFD /* Debug */ = {
			isa = XCBuildConfiguration;
			buildSettings = {
				ASSETCATALOG_COMPILER_APPICON_NAME = AppIcon;
				ASSETCATALOG_COMPILER_GLOBAL_ACCENT_COLOR_NAME = AccentColor;
				CODE_SIGN_STYLE = Automatic;
				CURRENT_PROJECT_VERSION = 1;
				DEVELOPMENT_TEAM = ZY9DNBTZ6S;
				GENERATE_INFOPLIST_FILE = YES;
				INFOPLIST_FILE = Run4Health/Info.plist;
				INFOPLIST_KEY_UIApplicationSupportsIndirectInputEvents = YES;
				INFOPLIST_KEY_UILaunchStoryboardName = LaunchScreen;
				INFOPLIST_KEY_UIMainStoryboardFile = Main;
				INFOPLIST_KEY_UISupportedInterfaceOrientations = UIInterfaceOrientationPortrait;
				INFOPLIST_KEY_UISupportedInterfaceOrientations_iPad = "UIInterfaceOrientationPortrait UIInterfaceOrientationPortraitUpsideDown UIInterfaceOrientationLandscapeLeft UIInterfaceOrientationLandscapeRight";
				INFOPLIST_KEY_UISupportedInterfaceOrientations_iPhone = "UIInterfaceOrientationPortrait UIInterfaceOrientationLandscapeLeft UIInterfaceOrientationLandscapeRight";
				IPHONEOS_DEPLOYMENT_TARGET = 14.0;
				LD_RUNPATH_SEARCH_PATHS = (
					"$(inherited)",
					"@executable_path/Frameworks",
				);
				MARKETING_VERSION = 1.0;
				PRODUCT_BUNDLE_IDENTIFIER = com.jadson.Run4Health;
				PRODUCT_NAME = "$(TARGET_NAME)";
				SWIFT_EMIT_LOC_STRINGS = YES;
				SWIFT_VERSION = 5.0;
				TARGETED_DEVICE_FAMILY = "1,2";
			};
			name = Debug;
		};
		DFF599DD2838E7EF00C37FFD /* Release */ = {
			isa = XCBuildConfiguration;
			buildSettings = {
				ASSETCATALOG_COMPILER_APPICON_NAME = AppIcon;
				ASSETCATALOG_COMPILER_GLOBAL_ACCENT_COLOR_NAME = AccentColor;
				CODE_SIGN_STYLE = Automatic;
				CURRENT_PROJECT_VERSION = 1;
				DEVELOPMENT_TEAM = ZY9DNBTZ6S;
				GENERATE_INFOPLIST_FILE = YES;
				INFOPLIST_FILE = Run4Health/Info.plist;
				INFOPLIST_KEY_UIApplicationSupportsIndirectInputEvents = YES;
				INFOPLIST_KEY_UILaunchStoryboardName = LaunchScreen;
				INFOPLIST_KEY_UIMainStoryboardFile = Main;
				INFOPLIST_KEY_UISupportedInterfaceOrientations = UIInterfaceOrientationPortrait;
				INFOPLIST_KEY_UISupportedInterfaceOrientations_iPad = "UIInterfaceOrientationPortrait UIInterfaceOrientationPortraitUpsideDown UIInterfaceOrientationLandscapeLeft UIInterfaceOrientationLandscapeRight";
				INFOPLIST_KEY_UISupportedInterfaceOrientations_iPhone = "UIInterfaceOrientationPortrait UIInterfaceOrientationLandscapeLeft UIInterfaceOrientationLandscapeRight";
				IPHONEOS_DEPLOYMENT_TARGET = 14.0;
				LD_RUNPATH_SEARCH_PATHS = (
					"$(inherited)",
					"@executable_path/Frameworks",
				);
				MARKETING_VERSION = 1.0;
				PRODUCT_BUNDLE_IDENTIFIER = com.jadson.Run4Health;
				PRODUCT_NAME = "$(TARGET_NAME)";
				SWIFT_EMIT_LOC_STRINGS = YES;
				SWIFT_VERSION = 5.0;
				TARGETED_DEVICE_FAMILY = "1,2";
			};
			name = Release;
		};
/* End XCBuildConfiguration section */

/* Begin XCConfigurationList section */
		DFF599C22838E7ED00C37FFD /* Build configuration list for PBXProject "Run4Health" */ = {
			isa = XCConfigurationList;
			buildConfigurations = (
				DFF599D92838E7EF00C37FFD /* Debug */,
				DFF599DA2838E7EF00C37FFD /* Release */,
			);
			defaultConfigurationIsVisible = 0;
			defaultConfigurationName = Release;
		};
		DFF599DB2838E7EF00C37FFD /* Build configuration list for PBXNativeTarget "Run4Health" */ = {
			isa = XCConfigurationList;
			buildConfigurations = (
				DFF599DC2838E7EF00C37FFD /* Debug */,
				DFF599DD2838E7EF00C37FFD /* Release */,
			);
			defaultConfigurationIsVisible = 0;
			defaultConfigurationName = Release;
		};
/* End XCConfigurationList section */
	};
	rootObject = DFF599BF2838E7ED00C37FFD /* Project object */;
}
